// !$*UTF8*$!
{
	archiveVersion = 1;
	classes = {
	};
	objectVersion = 56;
	objects = {

/* Begin PBXBuildFile section */
		68258D0056C48C74A9670609 /* Pods_hammasir_final_project.framework in Frameworks */ = {isa = PBXBuildFile; fileRef = 5266D32B374AA03433BFDD83 /* Pods_hammasir_final_project.framework */; };
		E03D386D2AB18E970029C049 /* ContactInformation.swift in Sources */ = {isa = PBXBuildFile; fileRef = E03D386C2AB18E970029C049 /* ContactInformation.swift */; };
		E03D386F2AB18EC20029C049 /* UserDefualtsDB.swift in Sources */ = {isa = PBXBuildFile; fileRef = E03D386E2AB18EC20029C049 /* UserDefualtsDB.swift */; };
		E03D38712AB18F140029C049 /* CustomContactTVC.swift in Sources */ = {isa = PBXBuildFile; fileRef = E03D38702AB18F140029C049 /* CustomContactTVC.swift */; };
		E03D38732AB1C04C0029C049 /* Notifications.swift in Sources */ = {isa = PBXBuildFile; fileRef = E03D38722AB1C04C0029C049 /* Notifications.swift */; };
		E0B962AC2AB1017800C15974 /* AppDelegate.swift in Sources */ = {isa = PBXBuildFile; fileRef = E0B962AB2AB1017800C15974 /* AppDelegate.swift */; };
		E0B962AE2AB1017800C15974 /* SceneDelegate.swift in Sources */ = {isa = PBXBuildFile; fileRef = E0B962AD2AB1017800C15974 /* SceneDelegate.swift */; };
		E0B962B02AB1017800C15974 /* ViewController.swift in Sources */ = {isa = PBXBuildFile; fileRef = E0B962AF2AB1017800C15974 /* ViewController.swift */; };
		E0B962B32AB1017800C15974 /* Main.storyboard in Resources */ = {isa = PBXBuildFile; fileRef = E0B962B12AB1017800C15974 /* Main.storyboard */; };
		E0B962B52AB1017900C15974 /* Assets.xcassets in Resources */ = {isa = PBXBuildFile; fileRef = E0B962B42AB1017900C15974 /* Assets.xcassets */; };
		E0B962B82AB1017900C15974 /* LaunchScreen.storyboard in Resources */ = {isa = PBXBuildFile; fileRef = E0B962B62AB1017900C15974 /* LaunchScreen.storyboard */; };
		E0B962DC2AB102D500C15974 /* neshan.license in Resources */ = {isa = PBXBuildFile; fileRef = E0B962DB2AB102D500C15974 /* neshan.license */; };
		E0B962DF2AB1034C00C15974 /* hammasir-final-project-bridgin-header.m in Sources */ = {isa = PBXBuildFile; fileRef = E0B962DE2AB1034C00C15974 /* hammasir-final-project-bridgin-header.m */; };
		E0B962E22AB104F400C15974 /* Map.storyboard in Resources */ = {isa = PBXBuildFile; fileRef = E0B962E42AB104F400C15974 /* Map.storyboard */; };
		E0B962EB2AB1086B00C15974 /* ContactList.storyboard in Resources */ = {isa = PBXBuildFile; fileRef = E0B962EA2AB1086B00C15974 /* ContactList.storyboard */; };
		E0B962ED2AB1088200C15974 /* TravelList.storyboard in Resources */ = {isa = PBXBuildFile; fileRef = E0B962EC2AB1088200C15974 /* TravelList.storyboard */; };
		E0B962EF2AB1089800C15974 /* TravelVC.swift in Sources */ = {isa = PBXBuildFile; fileRef = E0B962EE2AB1089800C15974 /* TravelVC.swift */; };
		E0B962F12AB108AD00C15974 /* ContactVC.swift in Sources */ = {isa = PBXBuildFile; fileRef = E0B962F02AB108AD00C15974 /* ContactVC.swift */; };
		E0B962F32AB10AC100C15974 /* AddContactVC.swift in Sources */ = {isa = PBXBuildFile; fileRef = E0B962F22AB10AC100C15974 /* AddContactVC.swift */; };
		E0B962F52AB10B2900C15974 /* TravelTableVC.swift in Sources */ = {isa = PBXBuildFile; fileRef = E0B962F42AB10B2900C15974 /* TravelTableVC.swift */; };
		E0B963482AB1113000C15974 /* MainModel.swift in Sources */ = {isa = PBXBuildFile; fileRef = E0B963472AB1113000C15974 /* MainModel.swift */; };
		E0B9634A2AB1113D00C15974 /* MapModel.swift in Sources */ = {isa = PBXBuildFile; fileRef = E0B963492AB1113D00C15974 /* MapModel.swift */; };
		E0B9634C2AB1115100C15974 /* ContactModel.swift in Sources */ = {isa = PBXBuildFile; fileRef = E0B9634B2AB1115100C15974 /* ContactModel.swift */; };
		E0B963502AB1117400C15974 /* TravelM.swift in Sources */ = {isa = PBXBuildFile; fileRef = E0B9634F2AB1117400C15974 /* TravelM.swift */; };
		E0B963522AB1118600C15974 /* TravelTableM.swift in Sources */ = {isa = PBXBuildFile; fileRef = E0B963512AB1118600C15974 /* TravelTableM.swift */; };
		E0E256B42AB34C0800042014 /* MapVC.swift in Sources */ = {isa = PBXBuildFile; fileRef = E0B962E52AB1055200C15974 /* MapVC.swift */; };
/* End PBXBuildFile section */

/* Begin PBXContainerItemProxy section */
		E0B962BF2AB1017900C15974 /* PBXContainerItemProxy */ = {
			isa = PBXContainerItemProxy;
			containerPortal = E0B962A02AB1017800C15974 /* Project object */;
			proxyType = 1;
			remoteGlobalIDString = E0B962A72AB1017800C15974;
			remoteInfo = "hammasir-final-project";
		};
		E0B962C92AB1017900C15974 /* PBXContainerItemProxy */ = {
			isa = PBXContainerItemProxy;
			containerPortal = E0B962A02AB1017800C15974 /* Project object */;
			proxyType = 1;
			remoteGlobalIDString = E0B962A72AB1017800C15974;
			remoteInfo = "hammasir-final-project";
		};
/* End PBXContainerItemProxy section */

/* Begin PBXFileReference section */
		5266D32B374AA03433BFDD83 /* Pods_hammasir_final_project.framework */ = {isa = PBXFileReference; explicitFileType = wrapper.framework; includeInIndex = 0; path = Pods_hammasir_final_project.framework; sourceTree = BUILT_PRODUCTS_DIR; };
		86F107E13BB9BB0FD6DE400C /* Pods-hammasir-final-project.debug.xcconfig */ = {isa = PBXFileReference; includeInIndex = 1; lastKnownFileType = text.xcconfig; name = "Pods-hammasir-final-project.debug.xcconfig"; path = "Target Support Files/Pods-hammasir-final-project/Pods-hammasir-final-project.debug.xcconfig"; sourceTree = "<group>"; };
		DA711E2FC5EA8F9D7B565969 /* Pods-hammasir-final-project.release.xcconfig */ = {isa = PBXFileReference; includeInIndex = 1; lastKnownFileType = text.xcconfig; name = "Pods-hammasir-final-project.release.xcconfig"; path = "Target Support Files/Pods-hammasir-final-project/Pods-hammasir-final-project.release.xcconfig"; sourceTree = "<group>"; };
		E03D386C2AB18E970029C049 /* ContactInformation.swift */ = {isa = PBXFileReference; lastKnownFileType = sourcecode.swift; path = ContactInformation.swift; sourceTree = "<group>"; };
		E03D386E2AB18EC20029C049 /* UserDefualtsDB.swift */ = {isa = PBXFileReference; lastKnownFileType = sourcecode.swift; path = UserDefualtsDB.swift; sourceTree = "<group>"; };
		E03D38702AB18F140029C049 /* CustomContactTVC.swift */ = {isa = PBXFileReference; lastKnownFileType = sourcecode.swift; path = CustomContactTVC.swift; sourceTree = "<group>"; };
		E03D38722AB1C04C0029C049 /* Notifications.swift */ = {isa = PBXFileReference; lastKnownFileType = sourcecode.swift; path = Notifications.swift; sourceTree = "<group>"; };
		E06DF4C02AB33E1A0073539E /* en */ = {isa = PBXFileReference; lastKnownFileType = file.storyboard; name = en; path = en.lproj/Map.storyboard; sourceTree = "<group>"; };
		E0B962A82AB1017800C15974 /* hammasir-final-project.app */ = {isa = PBXFileReference; explicitFileType = wrapper.application; includeInIndex = 0; path = "hammasir-final-project.app"; sourceTree = BUILT_PRODUCTS_DIR; };
		E0B962AB2AB1017800C15974 /* AppDelegate.swift */ = {isa = PBXFileReference; lastKnownFileType = sourcecode.swift; path = AppDelegate.swift; sourceTree = "<group>"; };
		E0B962AD2AB1017800C15974 /* SceneDelegate.swift */ = {isa = PBXFileReference; lastKnownFileType = sourcecode.swift; path = SceneDelegate.swift; sourceTree = "<group>"; };
		E0B962AF2AB1017800C15974 /* ViewController.swift */ = {isa = PBXFileReference; lastKnownFileType = sourcecode.swift; path = ViewController.swift; sourceTree = "<group>"; };
		E0B962B42AB1017900C15974 /* Assets.xcassets */ = {isa = PBXFileReference; lastKnownFileType = folder.assetcatalog; path = Assets.xcassets; sourceTree = "<group>"; };
		E0B962B72AB1017900C15974 /* Base */ = {isa = PBXFileReference; lastKnownFileType = file.storyboard; name = Base; path = Base.lproj/LaunchScreen.storyboard; sourceTree = "<group>"; };
		E0B962B92AB1017900C15974 /* Info.plist */ = {isa = PBXFileReference; lastKnownFileType = text.plist.xml; path = Info.plist; sourceTree = "<group>"; };
		E0B962BE2AB1017900C15974 /* hammasir-final-projectTests.xctest */ = {isa = PBXFileReference; explicitFileType = wrapper.cfbundle; includeInIndex = 0; path = "hammasir-final-projectTests.xctest"; sourceTree = BUILT_PRODUCTS_DIR; };
		E0B962C82AB1017900C15974 /* hammasir-final-projectUITests.xctest */ = {isa = PBXFileReference; explicitFileType = wrapper.cfbundle; includeInIndex = 0; path = "hammasir-final-projectUITests.xctest"; sourceTree = BUILT_PRODUCTS_DIR; };
		E0B962DB2AB102D500C15974 /* neshan.license */ = {isa = PBXFileReference; fileEncoding = 4; lastKnownFileType = text; path = neshan.license; sourceTree = "<group>"; };
		E0B962DD2AB1034B00C15974 /* hammasir-final-project-Bridging-Header.h */ = {isa = PBXFileReference; lastKnownFileType = sourcecode.c.h; path = "hammasir-final-project-Bridging-Header.h"; sourceTree = "<group>"; };
		E0B962DE2AB1034C00C15974 /* hammasir-final-project-bridgin-header.m */ = {isa = PBXFileReference; lastKnownFileType = sourcecode.c.objc; path = "hammasir-final-project-bridgin-header.m"; sourceTree = "<group>"; };
		E0B962E52AB1055200C15974 /* MapVC.swift */ = {isa = PBXFileReference; lastKnownFileType = sourcecode.swift; path = MapVC.swift; sourceTree = "<group>"; };
		E0B962EA2AB1086B00C15974 /* ContactList.storyboard */ = {isa = PBXFileReference; lastKnownFileType = file.storyboard; path = ContactList.storyboard; sourceTree = "<group>"; };
		E0B962EC2AB1088200C15974 /* TravelList.storyboard */ = {isa = PBXFileReference; lastKnownFileType = file.storyboard; path = TravelList.storyboard; sourceTree = "<group>"; };
		E0B962EE2AB1089800C15974 /* TravelVC.swift */ = {isa = PBXFileReference; lastKnownFileType = sourcecode.swift; path = TravelVC.swift; sourceTree = "<group>"; };
		E0B962F02AB108AD00C15974 /* ContactVC.swift */ = {isa = PBXFileReference; lastKnownFileType = sourcecode.swift; path = ContactVC.swift; sourceTree = "<group>"; };
		E0B962F22AB10AC100C15974 /* AddContactVC.swift */ = {isa = PBXFileReference; lastKnownFileType = sourcecode.swift; path = AddContactVC.swift; sourceTree = "<group>"; };
		E0B962F42AB10B2900C15974 /* TravelTableVC.swift */ = {isa = PBXFileReference; lastKnownFileType = sourcecode.swift; path = TravelTableVC.swift; sourceTree = "<group>"; };
		E0B963472AB1113000C15974 /* MainModel.swift */ = {isa = PBXFileReference; lastKnownFileType = sourcecode.swift; path = MainModel.swift; sourceTree = "<group>"; };
		E0B963492AB1113D00C15974 /* MapModel.swift */ = {isa = PBXFileReference; lastKnownFileType = sourcecode.swift; path = MapModel.swift; sourceTree = "<group>"; };
		E0B9634B2AB1115100C15974 /* ContactModel.swift */ = {isa = PBXFileReference; lastKnownFileType = sourcecode.swift; path = ContactModel.swift; sourceTree = "<group>"; };
		E0B9634F2AB1117400C15974 /* TravelM.swift */ = {isa = PBXFileReference; lastKnownFileType = sourcecode.swift; path = TravelM.swift; sourceTree = "<group>"; };
		E0B963512AB1118600C15974 /* TravelTableM.swift */ = {isa = PBXFileReference; lastKnownFileType = sourcecode.swift; path = TravelTableM.swift; sourceTree = "<group>"; };
		E0E256B32AB346E800042014 /* Base */ = {isa = PBXFileReference; lastKnownFileType = file.storyboard; name = Base; path = Base.lproj/Main.storyboard; sourceTree = "<group>"; };
/* End PBXFileReference section */

/* Begin PBXFrameworksBuildPhase section */
		E0B962A52AB1017800C15974 /* Frameworks */ = {
			isa = PBXFrameworksBuildPhase;
			buildActionMask = 2147483647;
			files = (
				68258D0056C48C74A9670609 /* Pods_hammasir_final_project.framework in Frameworks */,
			);
			runOnlyForDeploymentPostprocessing = 0;
		};
		E0B962BB2AB1017900C15974 /* Frameworks */ = {
			isa = PBXFrameworksBuildPhase;
			buildActionMask = 2147483647;
			files = (
			);
			runOnlyForDeploymentPostprocessing = 0;
		};
		E0B962C52AB1017900C15974 /* Frameworks */ = {
			isa = PBXFrameworksBuildPhase;
			buildActionMask = 2147483647;
			files = (
			);
			runOnlyForDeploymentPostprocessing = 0;
		};
/* End PBXFrameworksBuildPhase section */

/* Begin PBXGroup section */
		7E45BB2C4B5A93C4AA1C8BC5 /* Pods */ = {
			isa = PBXGroup;
			children = (
				86F107E13BB9BB0FD6DE400C /* Pods-hammasir-final-project.debug.xcconfig */,
				DA711E2FC5EA8F9D7B565969 /* Pods-hammasir-final-project.release.xcconfig */,
			);
			path = Pods;
			sourceTree = "<group>";
		};
		E0B9629F2AB1017800C15974 = {
			isa = PBXGroup;
			children = (
				E0B962DB2AB102D500C15974 /* neshan.license */,
				E0B962AA2AB1017800C15974 /* hammasir-final-project */,
				E0B962A92AB1017800C15974 /* Products */,
				7E45BB2C4B5A93C4AA1C8BC5 /* Pods */,
				F632655125D61722B9942864 /* Frameworks */,
			);
			sourceTree = "<group>";
		};
		E0B962A92AB1017800C15974 /* Products */ = {
			isa = PBXGroup;
			children = (
				E0B962A82AB1017800C15974 /* hammasir-final-project.app */,
				E0B962BE2AB1017900C15974 /* hammasir-final-projectTests.xctest */,
				E0B962C82AB1017900C15974 /* hammasir-final-projectUITests.xctest */,
			);
			name = Products;
			sourceTree = "<group>";
		};
		E0B962AA2AB1017800C15974 /* hammasir-final-project */ = {
			isa = PBXGroup;
			children = (
				E0B962B12AB1017800C15974 /* Main.storyboard */,
				E0B962E42AB104F400C15974 /* Map.storyboard */,
				E0B962EA2AB1086B00C15974 /* ContactList.storyboard */,
				E0B962EC2AB1088200C15974 /* TravelList.storyboard */,
				E0B962AF2AB1017800C15974 /* ViewController.swift */,
				E03D38722AB1C04C0029C049 /* Notifications.swift */,
				E0B962E52AB1055200C15974 /* MapVC.swift */,
				E0B962F02AB108AD00C15974 /* ContactVC.swift */,
				E0B962F22AB10AC100C15974 /* AddContactVC.swift */,
				E03D38702AB18F140029C049 /* CustomContactTVC.swift */,
				E0B962EE2AB1089800C15974 /* TravelVC.swift */,
				E0B962F42AB10B2900C15974 /* TravelTableVC.swift */,
				E0B963472AB1113000C15974 /* MainModel.swift */,
				E0B963492AB1113D00C15974 /* MapModel.swift */,
				E0B9634B2AB1115100C15974 /* ContactModel.swift */,
				E03D386C2AB18E970029C049 /* ContactInformation.swift */,
				E03D386E2AB18EC20029C049 /* UserDefualtsDB.swift */,
				E0B9634F2AB1117400C15974 /* TravelM.swift */,
				E0B963512AB1118600C15974 /* TravelTableM.swift */,
				E0B962AB2AB1017800C15974 /* AppDelegate.swift */,
				E0B962AD2AB1017800C15974 /* SceneDelegate.swift */,
				E0B962B42AB1017900C15974 /* Assets.xcassets */,
				E0B962B62AB1017900C15974 /* LaunchScreen.storyboard */,
				E0B962B92AB1017900C15974 /* Info.plist */,
				E0B962DE2AB1034C00C15974 /* hammasir-final-project-bridgin-header.m */,
				E0B962DD2AB1034B00C15974 /* hammasir-final-project-Bridging-Header.h */,
			);
			path = "hammasir-final-project";
			sourceTree = "<group>";
		};
		F632655125D61722B9942864 /* Frameworks */ = {
			isa = PBXGroup;
			children = (
				5266D32B374AA03433BFDD83 /* Pods_hammasir_final_project.framework */,
			);
			name = Frameworks;
			sourceTree = "<group>";
		};
/* End PBXGroup section */

/* Begin PBXNativeTarget section */
		E0B962A72AB1017800C15974 /* hammasir-final-project */ = {
			isa = PBXNativeTarget;
			buildConfigurationList = E0B962D22AB1017900C15974 /* Build configuration list for PBXNativeTarget "hammasir-final-project" */;
			buildPhases = (
				F036792C25593D7B4BCAADB3 /* [CP] Check Pods Manifest.lock */,
				E0B962A42AB1017800C15974 /* Sources */,
				E0B962A52AB1017800C15974 /* Frameworks */,
				E0B962A62AB1017800C15974 /* Resources */,
			);
			buildRules = (
			);
			dependencies = (
			);
			name = "hammasir-final-project";
			productName = "hammasir-final-project";
			productReference = E0B962A82AB1017800C15974 /* hammasir-final-project.app */;
			productType = "com.apple.product-type.application";
		};
		E0B962BD2AB1017900C15974 /* hammasir-final-projectTests */ = {
			isa = PBXNativeTarget;
			buildConfigurationList = E0B962D52AB1017900C15974 /* Build configuration list for PBXNativeTarget "hammasir-final-projectTests" */;
			buildPhases = (
				E0B962BA2AB1017900C15974 /* Sources */,
				E0B962BB2AB1017900C15974 /* Frameworks */,
				E0B962BC2AB1017900C15974 /* Resources */,
			);
			buildRules = (
			);
			dependencies = (
				E0B962C02AB1017900C15974 /* PBXTargetDependency */,
			);
			name = "hammasir-final-projectTests";
			productName = "hammasir-final-projectTests";
			productReference = E0B962BE2AB1017900C15974 /* hammasir-final-projectTests.xctest */;
			productType = "com.apple.product-type.bundle.unit-test";
		};
		E0B962C72AB1017900C15974 /* hammasir-final-projectUITests */ = {
			isa = PBXNativeTarget;
			buildConfigurationList = E0B962D82AB1017900C15974 /* Build configuration list for PBXNativeTarget "hammasir-final-projectUITests" */;
			buildPhases = (
				E0B962C42AB1017900C15974 /* Sources */,
				E0B962C52AB1017900C15974 /* Frameworks */,
				E0B962C62AB1017900C15974 /* Resources */,
			);
			buildRules = (
			);
			dependencies = (
				E0B962CA2AB1017900C15974 /* PBXTargetDependency */,
			);
			name = "hammasir-final-projectUITests";
			productName = "hammasir-final-projectUITests";
			productReference = E0B962C82AB1017900C15974 /* hammasir-final-projectUITests.xctest */;
			productType = "com.apple.product-type.bundle.ui-testing";
		};
/* End PBXNativeTarget section */

/* Begin PBXProject section */
		E0B962A02AB1017800C15974 /* Project object */ = {
			isa = PBXProject;
			attributes = {
				BuildIndependentTargetsInParallel = 1;
				LastSwiftUpdateCheck = 1430;
				LastUpgradeCheck = 1430;
				TargetAttributes = {
					E0B962A72AB1017800C15974 = {
						CreatedOnToolsVersion = 14.3.1;
						LastSwiftMigration = 1430;
					};
					E0B962BD2AB1017900C15974 = {
						CreatedOnToolsVersion = 14.3.1;
						TestTargetID = E0B962A72AB1017800C15974;
					};
					E0B962C72AB1017900C15974 = {
						CreatedOnToolsVersion = 14.3.1;
						TestTargetID = E0B962A72AB1017800C15974;
					};
				};
			};
			buildConfigurationList = E0B962A32AB1017800C15974 /* Build configuration list for PBXProject "hammasir-final-project" */;
			compatibilityVersion = "Xcode 14.0";
			developmentRegion = en;
			hasScannedForEncodings = 0;
			knownRegions = (
				en,
				Base,
			);
			mainGroup = E0B9629F2AB1017800C15974;
			productRefGroup = E0B962A92AB1017800C15974 /* Products */;
			projectDirPath = "";
			projectRoot = "";
			targets = (
				E0B962A72AB1017800C15974 /* hammasir-final-project */,
				E0B962BD2AB1017900C15974 /* hammasir-final-projectTests */,
				E0B962C72AB1017900C15974 /* hammasir-final-projectUITests */,
			);
		};
/* End PBXProject section */

/* Begin PBXResourcesBuildPhase section */
		E0B962A62AB1017800C15974 /* Resources */ = {
			isa = PBXResourcesBuildPhase;
			buildActionMask = 2147483647;
			files = (
				E0B962DC2AB102D500C15974 /* neshan.license in Resources */,
				E0B962B82AB1017900C15974 /* LaunchScreen.storyboard in Resources */,
				E0B962E22AB104F400C15974 /* Map.storyboard in Resources */,
				E0B962ED2AB1088200C15974 /* TravelList.storyboard in Resources */,
				E0B962B52AB1017900C15974 /* Assets.xcassets in Resources */,
				E0B962B32AB1017800C15974 /* Main.storyboard in Resources */,
				E0B962EB2AB1086B00C15974 /* ContactList.storyboard in Resources */,
			);
			runOnlyForDeploymentPostprocessing = 0;
		};
		E0B962BC2AB1017900C15974 /* Resources */ = {
			isa = PBXResourcesBuildPhase;
			buildActionMask = 2147483647;
			files = (
			);
			runOnlyForDeploymentPostprocessing = 0;
		};
		E0B962C62AB1017900C15974 /* Resources */ = {
			isa = PBXResourcesBuildPhase;
			buildActionMask = 2147483647;
			files = (
			);
			runOnlyForDeploymentPostprocessing = 0;
		};
/* End PBXResourcesBuildPhase section */

/* Begin PBXShellScriptBuildPhase section */
		F036792C25593D7B4BCAADB3 /* [CP] Check Pods Manifest.lock */ = {
			isa = PBXShellScriptBuildPhase;
			buildActionMask = 2147483647;
			files = (
			);
			inputFileListPaths = (
			);
			inputPaths = (
				"${PODS_PODFILE_DIR_PATH}/Podfile.lock",
				"${PODS_ROOT}/Manifest.lock",
			);
			name = "[CP] Check Pods Manifest.lock";
			outputFileListPaths = (
			);
			outputPaths = (
				"$(DERIVED_FILE_DIR)/Pods-hammasir-final-project-checkManifestLockResult.txt",
			);
			runOnlyForDeploymentPostprocessing = 0;
			shellPath = /bin/sh;
			shellScript = "diff \"${PODS_PODFILE_DIR_PATH}/Podfile.lock\" \"${PODS_ROOT}/Manifest.lock\" > /dev/null\nif [ $? != 0 ] ; then\n    # print error to STDERR\n    echo \"error: The sandbox is not in sync with the Podfile.lock. Run 'pod install' or update your CocoaPods installation.\" >&2\n    exit 1\nfi\n# This output is used by Xcode 'outputs' to avoid re-running this script phase.\necho \"SUCCESS\" > \"${SCRIPT_OUTPUT_FILE_0}\"\n";
			showEnvVarsInLog = 0;
		};
/* End PBXShellScriptBuildPhase section */

/* Begin PBXSourcesBuildPhase section */
		E0B962A42AB1017800C15974 /* Sources */ = {
			isa = PBXSourcesBuildPhase;
			buildActionMask = 2147483647;
			files = (
				E0B962B02AB1017800C15974 /* ViewController.swift in Sources */,
				E0B9634C2AB1115100C15974 /* ContactModel.swift in Sources */,
				E0B962F52AB10B2900C15974 /* TravelTableVC.swift in Sources */,
				E0B9634A2AB1113D00C15974 /* MapModel.swift in Sources */,
				E03D386D2AB18E970029C049 /* ContactInformation.swift in Sources */,
				E03D38712AB18F140029C049 /* CustomContactTVC.swift in Sources */,
				E0B962DF2AB1034C00C15974 /* hammasir-final-project-bridgin-header.m in Sources */,
				E0E256B42AB34C0800042014 /* MapVC.swift in Sources */,
				E0B962F32AB10AC100C15974 /* AddContactVC.swift in Sources */,
				E0B963522AB1118600C15974 /* TravelTableM.swift in Sources */,
				E0B962AC2AB1017800C15974 /* AppDelegate.swift in Sources */,
				E0B963482AB1113000C15974 /* MainModel.swift in Sources */,
				E03D38732AB1C04C0029C049 /* Notifications.swift in Sources */,
				E0B962EF2AB1089800C15974 /* TravelVC.swift in Sources */,
				E0B962F12AB108AD00C15974 /* ContactVC.swift in Sources */,
				E03D386F2AB18EC20029C049 /* UserDefualtsDB.swift in Sources */,
				E0B963502AB1117400C15974 /* TravelM.swift in Sources */,
				E0B962AE2AB1017800C15974 /* SceneDelegate.swift in Sources */,
			);
			runOnlyForDeploymentPostprocessing = 0;
		};
		E0B962BA2AB1017900C15974 /* Sources */ = {
			isa = PBXSourcesBuildPhase;
			buildActionMask = 2147483647;
			files = (
			);
			runOnlyForDeploymentPostprocessing = 0;
		};
		E0B962C42AB1017900C15974 /* Sources */ = {
			isa = PBXSourcesBuildPhase;
			buildActionMask = 2147483647;
			files = (
			);
			runOnlyForDeploymentPostprocessing = 0;
		};
/* End PBXSourcesBuildPhase section */

/* Begin PBXTargetDependency section */
		E0B962C02AB1017900C15974 /* PBXTargetDependency */ = {
			isa = PBXTargetDependency;
			target = E0B962A72AB1017800C15974 /* hammasir-final-project */;
			targetProxy = E0B962BF2AB1017900C15974 /* PBXContainerItemProxy */;
		};
		E0B962CA2AB1017900C15974 /* PBXTargetDependency */ = {
			isa = PBXTargetDependency;
			target = E0B962A72AB1017800C15974 /* hammasir-final-project */;
			targetProxy = E0B962C92AB1017900C15974 /* PBXContainerItemProxy */;
		};
/* End PBXTargetDependency section */

/* Begin PBXVariantGroup section */
		E0B962B12AB1017800C15974 /* Main.storyboard */ = {
			isa = PBXVariantGroup;
			children = (
				E0E256B32AB346E800042014 /* Base */,
			);
			name = Main.storyboard;
			sourceTree = "<group>";
		};
		E0B962B62AB1017900C15974 /* LaunchScreen.storyboard */ = {
			isa = PBXVariantGroup;
			children = (
				E0B962B72AB1017900C15974 /* Base */,
			);
			name = LaunchScreen.storyboard;
			sourceTree = "<group>";
		};
		E0B962E42AB104F400C15974 /* Map.storyboard */ = {
			isa = PBXVariantGroup;
			children = (
				E06DF4C02AB33E1A0073539E /* en */,
			);
			name = Map.storyboard;
			sourceTree = "<group>";
		};
/* End PBXVariantGroup section */

/* Begin XCBuildConfiguration section */
		E0B962D02AB1017900C15974 /* Debug */ = {
			isa = XCBuildConfiguration;
			buildSettings = {
				ALWAYS_SEARCH_USER_PATHS = NO;
				CLANG_ANALYZER_NONNULL = YES;
				CLANG_ANALYZER_NUMBER_OBJECT_CONVERSION = YES_AGGRESSIVE;
				CLANG_CXX_LANGUAGE_STANDARD = "gnu++20";
				CLANG_ENABLE_MODULES = YES;
				CLANG_ENABLE_OBJC_ARC = YES;
				CLANG_ENABLE_OBJC_WEAK = YES;
				CLANG_WARN_BLOCK_CAPTURE_AUTORELEASING = YES;
				CLANG_WARN_BOOL_CONVERSION = YES;
				CLANG_WARN_COMMA = YES;
				CLANG_WARN_CONSTANT_CONVERSION = YES;
				CLANG_WARN_DEPRECATED_OBJC_IMPLEMENTATIONS = YES;
				CLANG_WARN_DIRECT_OBJC_ISA_USAGE = YES_ERROR;
				CLANG_WARN_DOCUMENTATION_COMMENTS = YES;
				CLANG_WARN_EMPTY_BODY = YES;
				CLANG_WARN_ENUM_CONVERSION = YES;
				CLANG_WARN_INFINITE_RECURSION = YES;
				CLANG_WARN_INT_CONVERSION = YES;
				CLANG_WARN_NON_LITERAL_NULL_CONVERSION = YES;
				CLANG_WARN_OBJC_IMPLICIT_RETAIN_SELF = YES;
				CLANG_WARN_OBJC_LITERAL_CONVERSION = YES;
				CLANG_WARN_OBJC_ROOT_CLASS = YES_ERROR;
				CLANG_WARN_QUOTED_INCLUDE_IN_FRAMEWORK_HEADER = YES;
				CLANG_WARN_RANGE_LOOP_ANALYSIS = YES;
				CLANG_WARN_STRICT_PROTOTYPES = YES;
				CLANG_WARN_SUSPICIOUS_MOVE = YES;
				CLANG_WARN_UNGUARDED_AVAILABILITY = YES_AGGRESSIVE;
				CLANG_WARN_UNREACHABLE_CODE = YES;
				CLANG_WARN__DUPLICATE_METHOD_MATCH = YES;
				COPY_PHASE_STRIP = NO;
				DEBUG_INFORMATION_FORMAT = dwarf;
				ENABLE_STRICT_OBJC_MSGSEND = YES;
				ENABLE_TESTABILITY = YES;
				GCC_C_LANGUAGE_STANDARD = gnu11;
				GCC_DYNAMIC_NO_PIC = NO;
				GCC_NO_COMMON_BLOCKS = YES;
				GCC_OPTIMIZATION_LEVEL = 0;
				GCC_PREPROCESSOR_DEFINITIONS = (
					"DEBUG=1",
					"$(inherited)",
				);
				GCC_WARN_64_TO_32_BIT_CONVERSION = YES;
				GCC_WARN_ABOUT_RETURN_TYPE = YES_ERROR;
				GCC_WARN_UNDECLARED_SELECTOR = YES;
				GCC_WARN_UNINITIALIZED_AUTOS = YES_AGGRESSIVE;
				GCC_WARN_UNUSED_FUNCTION = YES;
				GCC_WARN_UNUSED_VARIABLE = YES;
				IPHONEOS_DEPLOYMENT_TARGET = 16.4;
				MTL_ENABLE_DEBUG_INFO = INCLUDE_SOURCE;
				MTL_FAST_MATH = YES;
				ONLY_ACTIVE_ARCH = YES;
				SDKROOT = iphoneos;
				SWIFT_ACTIVE_COMPILATION_CONDITIONS = DEBUG;
				SWIFT_OPTIMIZATION_LEVEL = "-Onone";
			};
			name = Debug;
		};
		E0B962D12AB1017900C15974 /* Release */ = {
			isa = XCBuildConfiguration;
			buildSettings = {
				ALWAYS_SEARCH_USER_PATHS = NO;
				CLANG_ANALYZER_NONNULL = YES;
				CLANG_ANALYZER_NUMBER_OBJECT_CONVERSION = YES_AGGRESSIVE;
				CLANG_CXX_LANGUAGE_STANDARD = "gnu++20";
				CLANG_ENABLE_MODULES = YES;
				CLANG_ENABLE_OBJC_ARC = YES;
				CLANG_ENABLE_OBJC_WEAK = YES;
				CLANG_WARN_BLOCK_CAPTURE_AUTORELEASING = YES;
				CLANG_WARN_BOOL_CONVERSION = YES;
				CLANG_WARN_COMMA = YES;
				CLANG_WARN_CONSTANT_CONVERSION = YES;
				CLANG_WARN_DEPRECATED_OBJC_IMPLEMENTATIONS = YES;
				CLANG_WARN_DIRECT_OBJC_ISA_USAGE = YES_ERROR;
				CLANG_WARN_DOCUMENTATION_COMMENTS = YES;
				CLANG_WARN_EMPTY_BODY = YES;
				CLANG_WARN_ENUM_CONVERSION = YES;
				CLANG_WARN_INFINITE_RECURSION = YES;
				CLANG_WARN_INT_CONVERSION = YES;
				CLANG_WARN_NON_LITERAL_NULL_CONVERSION = YES;
				CLANG_WARN_OBJC_IMPLICIT_RETAIN_SELF = YES;
				CLANG_WARN_OBJC_LITERAL_CONVERSION = YES;
				CLANG_WARN_OBJC_ROOT_CLASS = YES_ERROR;
				CLANG_WARN_QUOTED_INCLUDE_IN_FRAMEWORK_HEADER = YES;
				CLANG_WARN_RANGE_LOOP_ANALYSIS = YES;
				CLANG_WARN_STRICT_PROTOTYPES = YES;
				CLANG_WARN_SUSPICIOUS_MOVE = YES;
				CLANG_WARN_UNGUARDED_AVAILABILITY = YES_AGGRESSIVE;
				CLANG_WARN_UNREACHABLE_CODE = YES;
				CLANG_WARN__DUPLICATE_METHOD_MATCH = YES;
				COPY_PHASE_STRIP = NO;
				DEBUG_INFORMATION_FORMAT = "dwarf-with-dsym";
				ENABLE_NS_ASSERTIONS = NO;
				ENABLE_STRICT_OBJC_MSGSEND = YES;
				GCC_C_LANGUAGE_STANDARD = gnu11;
				GCC_NO_COMMON_BLOCKS = YES;
				GCC_WARN_64_TO_32_BIT_CONVERSION = YES;
				GCC_WARN_ABOUT_RETURN_TYPE = YES_ERROR;
				GCC_WARN_UNDECLARED_SELECTOR = YES;
				GCC_WARN_UNINITIALIZED_AUTOS = YES_AGGRESSIVE;
				GCC_WARN_UNUSED_FUNCTION = YES;
				GCC_WARN_UNUSED_VARIABLE = YES;
				IPHONEOS_DEPLOYMENT_TARGET = 16.4;
				MTL_ENABLE_DEBUG_INFO = NO;
				MTL_FAST_MATH = YES;
				SDKROOT = iphoneos;
				SWIFT_COMPILATION_MODE = wholemodule;
				SWIFT_OPTIMIZATION_LEVEL = "-O";
				VALIDATE_PRODUCT = YES;
			};
			name = Release;
		};
		E0B962D32AB1017900C15974 /* Debug */ = {
			isa = XCBuildConfiguration;
			baseConfigurationReference = 86F107E13BB9BB0FD6DE400C /* Pods-hammasir-final-project.debug.xcconfig */;
			buildSettings = {
				ASSETCATALOG_COMPILER_APPICON_NAME = AppIcon;
				ASSETCATALOG_COMPILER_GLOBAL_ACCENT_COLOR_NAME = AccentColor;
				CLANG_ENABLE_MODULES = YES;
				CODE_SIGN_STYLE = Automatic;
				CURRENT_PROJECT_VERSION = 1;
				"EXCLUDED_ARCHS[sdk=iphonesimulator*]" = arm64;
				GENERATE_INFOPLIST_FILE = YES;
				INFOPLIST_FILE = "hammasir-final-project/Info.plist";
				INFOPLIST_KEY_UIApplicationSupportsIndirectInputEvents = YES;
				INFOPLIST_KEY_UILaunchStoryboardName = LaunchScreen;
				INFOPLIST_KEY_UIMainStoryboardFile = Main;
				INFOPLIST_KEY_UISupportedInterfaceOrientations_iPad = "UIInterfaceOrientationPortrait UIInterfaceOrientationPortraitUpsideDown UIInterfaceOrientationLandscapeLeft UIInterfaceOrientationLandscapeRight";
				INFOPLIST_KEY_UISupportedInterfaceOrientations_iPhone = "UIInterfaceOrientationPortrait UIInterfaceOrientationLandscapeLeft UIInterfaceOrientationLandscapeRight";
				IPHONEOS_DEPLOYMENT_TARGET = 13.0;
				LD_RUNPATH_SEARCH_PATHS = (
					"$(inherited)",
					"@executable_path/Frameworks",
				);
				MARKETING_VERSION = 1.0;
				PRODUCT_BUNDLE_IDENTIFIER = neshan.neshanMap;
				PRODUCT_NAME = "$(TARGET_NAME)";
				SWIFT_EMIT_LOC_STRINGS = YES;
				SWIFT_OBJC_BRIDGING_HEADER = "hammasir-final-project/hammasir-final-project-Bridging-Header.h";
				SWIFT_OPTIMIZATION_LEVEL = "-Onone";
				SWIFT_VERSION = 5.0;
				TARGETED_DEVICE_FAMILY = "1,2";
			};
			name = Debug;
		};
		E0B962D42AB1017900C15974 /* Release */ = {
			isa = XCBuildConfiguration;
			baseConfigurationReference = DA711E2FC5EA8F9D7B565969 /* Pods-hammasir-final-project.release.xcconfig */;
			buildSettings = {
				ASSETCATALOG_COMPILER_APPICON_NAME = AppIcon;
				ASSETCATALOG_COMPILER_GLOBAL_ACCENT_COLOR_NAME = AccentColor;
				CLANG_ENABLE_MODULES = YES;
				CODE_SIGN_STYLE = Automatic;
				CURRENT_PROJECT_VERSION = 1;
				"EXCLUDED_ARCHS[sdk=iphonesimulator*]" = arm64;
				GENERATE_INFOPLIST_FILE = YES;
				INFOPLIST_FILE = "hammasir-final-project/Info.plist";
				INFOPLIST_KEY_UIApplicationSupportsIndirectInputEvents = YES;
				INFOPLIST_KEY_UILaunchStoryboardName = LaunchScreen;
				INFOPLIST_KEY_UIMainStoryboardFile = Main;
				INFOPLIST_KEY_UISupportedInterfaceOrientations_iPad = "UIInterfaceOrientationPortrait UIInterfaceOrientationPortraitUpsideDown UIInterfaceOrientationLandscapeLeft UIInterfaceOrientationLandscapeRight";
				INFOPLIST_KEY_UISupportedInterfaceOrientations_iPhone = "UIInterfaceOrientationPortrait UIInterfaceOrientationLandscapeLeft UIInterfaceOrientationLandscapeRight";
				IPHONEOS_DEPLOYMENT_TARGET = 13.0;
				LD_RUNPATH_SEARCH_PATHS = (
					"$(inherited)",
					"@executable_path/Frameworks",
				);
				MARKETING_VERSION = 1.0;
				PRODUCT_BUNDLE_IDENTIFIER = neshan.neshanMap;
				PRODUCT_NAME = "$(TARGET_NAME)";
				SWIFT_EMIT_LOC_STRINGS = YES;
				SWIFT_OBJC_BRIDGING_HEADER = "hammasir-final-project/hammasir-final-project-Bridging-Header.h";
				SWIFT_VERSION = 5.0;
				TARGETED_DEVICE_FAMILY = "1,2";
			};
			name = Release;
		};
		E0B962D62AB1017900C15974 /* Debug */ = {
			isa = XCBuildConfiguration;
			buildSettings = {
				ALWAYS_EMBED_SWIFT_STANDARD_LIBRARIES = YES;
				BUNDLE_LOADER = "$(TEST_HOST)";
				CODE_SIGN_STYLE = Automatic;
				CURRENT_PROJECT_VERSION = 1;
				GENERATE_INFOPLIST_FILE = YES;
				IPHONEOS_DEPLOYMENT_TARGET = 16.4;
				MARKETING_VERSION = 1.0;
				PRODUCT_BUNDLE_IDENTIFIER = "neshan.hammasir-final-projectTests";
				PRODUCT_NAME = "$(TARGET_NAME)";
				SWIFT_EMIT_LOC_STRINGS = NO;
				SWIFT_VERSION = 5.0;
				TARGETED_DEVICE_FAMILY = "1,2";
				TEST_HOST = "$(BUILT_PRODUCTS_DIR)/hammasir-final-project.app/$(BUNDLE_EXECUTABLE_FOLDER_PATH)/hammasir-final-project";
			};
			name = Debug;
		};
		E0B962D72AB1017900C15974 /* Release */ = {
			isa = XCBuildConfiguration;
			buildSettings = {
				ALWAYS_EMBED_SWIFT_STANDARD_LIBRARIES = YES;
				BUNDLE_LOADER = "$(TEST_HOST)";
				CODE_SIGN_STYLE = Automatic;
				CURRENT_PROJECT_VERSION = 1;
				GENERATE_INFOPLIST_FILE = YES;
				IPHONEOS_DEPLOYMENT_TARGET = 16.4;
				MARKETING_VERSION = 1.0;
				PRODUCT_BUNDLE_IDENTIFIER = "neshan.hammasir-final-projectTests";
				PRODUCT_NAME = "$(TARGET_NAME)";
				SWIFT_EMIT_LOC_STRINGS = NO;
				SWIFT_VERSION = 5.0;
				TARGETED_DEVICE_FAMILY = "1,2";
				TEST_HOST = "$(BUILT_PRODUCTS_DIR)/hammasir-final-project.app/$(BUNDLE_EXECUTABLE_FOLDER_PATH)/hammasir-final-project";
			};
			name = Release;
		};
		E0B962D92AB1017900C15974 /* Debug */ = {
			isa = XCBuildConfiguration;
			buildSettings = {
				ALWAYS_EMBED_SWIFT_STANDARD_LIBRARIES = YES;
				CODE_SIGN_STYLE = Automatic;
				CURRENT_PROJECT_VERSION = 1;
				GENERATE_INFOPLIST_FILE = YES;
				MARKETING_VERSION = 1.0;
				PRODUCT_BUNDLE_IDENTIFIER = "neshan.hammasir-final-projectUITests";
				PRODUCT_NAME = "$(TARGET_NAME)";
				SWIFT_EMIT_LOC_STRINGS = NO;
				SWIFT_VERSION = 5.0;
				TARGETED_DEVICE_FAMILY = "1,2";
				TEST_TARGET_NAME = "hammasir-final-project";
			};
			name = Debug;
		};
		E0B962DA2AB1017900C15974 /* Release */ = {
			isa = XCBuildConfiguration;
			buildSettings = {
				ALWAYS_EMBED_SWIFT_STANDARD_LIBRARIES = YES;
				CODE_SIGN_STYLE = Automatic;
				CURRENT_PROJECT_VERSION = 1;
				GENERATE_INFOPLIST_FILE = YES;
				MARKETING_VERSION = 1.0;
				PRODUCT_BUNDLE_IDENTIFIER = "neshan.hammasir-final-projectUITests";
				PRODUCT_NAME = "$(TARGET_NAME)";
				SWIFT_EMIT_LOC_STRINGS = NO;
				SWIFT_VERSION = 5.0;
				TARGETED_DEVICE_FAMILY = "1,2";
				TEST_TARGET_NAME = "hammasir-final-project";
			};
			name = Release;
		};
/* End XCBuildConfiguration section */

/* Begin XCConfigurationList section */
		E0B962A32AB1017800C15974 /* Build configuration list for PBXProject "hammasir-final-project" */ = {
			isa = XCConfigurationList;
			buildConfigurations = (
				E0B962D02AB1017900C15974 /* Debug */,
				E0B962D12AB1017900C15974 /* Release */,
			);
			defaultConfigurationIsVisible = 0;
			defaultConfigurationName = Release;
		};
		E0B962D22AB1017900C15974 /* Build configuration list for PBXNativeTarget "hammasir-final-project" */ = {
			isa = XCConfigurationList;
			buildConfigurations = (
				E0B962D32AB1017900C15974 /* Debug */,
				E0B962D42AB1017900C15974 /* Release */,
			);
			defaultConfigurationIsVisible = 0;
			defaultConfigurationName = Release;
		};
		E0B962D52AB1017900C15974 /* Build configuration list for PBXNativeTarget "hammasir-final-projectTests" */ = {
			isa = XCConfigurationList;
			buildConfigurations = (
				E0B962D62AB1017900C15974 /* Debug */,
				E0B962D72AB1017900C15974 /* Release */,
			);
			defaultConfigurationIsVisible = 0;
			defaultConfigurationName = Release;
		};
		E0B962D82AB1017900C15974 /* Build configuration list for PBXNativeTarget "hammasir-final-projectUITests" */ = {
			isa = XCConfigurationList;
			buildConfigurations = (
				E0B962D92AB1017900C15974 /* Debug */,
				E0B962DA2AB1017900C15974 /* Release */,
			);
			defaultConfigurationIsVisible = 0;
			defaultConfigurationName = Release;
		};
/* End XCConfigurationList section */
	};
	rootObject = E0B962A02AB1017800C15974 /* Project object */;
}
